// !$*UTF8*$!
{
	archiveVersion = 1;
	classes = {
	};
	objectVersion = 51;
	objects = {

/* Begin PBXBuildFile section */
		2AADE7B66C4B6B8AB8845500 /* Pods_newTest.framework in Frameworks */ = {isa = PBXBuildFile; fileRef = 5EDCB98AB97C9C46E8905599 /* Pods_newTest.framework */; };
		BFE2FB1124A5B51000F583C6 /* MyCollectionView.swift in Sources */ = {isa = PBXBuildFile; fileRef = BFE2FB1024A5B51000F583C6 /* MyCollectionView.swift */; };
		BFE2FB1324A5ECED00F583C6 /* CustomCollectionView.swift in Sources */ = {isa = PBXBuildFile; fileRef = BFE2FB1224A5ECED00F583C6 /* CustomCollectionView.swift */; };
		BFE2FB1524A5EDC500F583C6 /* CustomCViewFlowLayout.swift in Sources */ = {isa = PBXBuildFile; fileRef = BFE2FB1424A5EDC500F583C6 /* CustomCViewFlowLayout.swift */; };
		BFE2FB1724A5F7E400F583C6 /* CustomCVCell.swift in Sources */ = {isa = PBXBuildFile; fileRef = BFE2FB1624A5F7E400F583C6 /* CustomCVCell.swift */; };
		BFE2FB1A24A70EF000F583C6 /* MyAnimation.swift in Sources */ = {isa = PBXBuildFile; fileRef = BFE2FB1924A70EF000F583C6 /* MyAnimation.swift */; };
		BFE2FB1C24A730A900F583C6 /* TestMain.swift in Sources */ = {isa = PBXBuildFile; fileRef = BFE2FB1B24A730A900F583C6 /* TestMain.swift */; };
		BFE2FB3724A9A59500F583C6 /* MySafeAreaInsets.swift in Sources */ = {isa = PBXBuildFile; fileRef = BFE2FB3624A9A59500F583C6 /* MySafeAreaInsets.swift */; };
		BFE2FB3B24A9A5B300F583C6 /* MyScrollView.swift in Sources */ = {isa = PBXBuildFile; fileRef = BFE2FB3924A9A5B300F583C6 /* MyScrollView.swift */; };
		BFE2FB3F24A9A5C500F583C6 /* MySearch.swift in Sources */ = {isa = PBXBuildFile; fileRef = BFE2FB3E24A9A5C500F583C6 /* MySearch.swift */; };
		BFE2FB4224A9B2C400F583C6 /* MyDBVC.swift in Sources */ = {isa = PBXBuildFile; fileRef = BFE2FB4124A9B2C400F583C6 /* MyDBVC.swift */; };
		BFE2FB4424A9DBAA00F583C6 /* PathManager.swift in Sources */ = {isa = PBXBuildFile; fileRef = BFE2FB4324A9DBAA00F583C6 /* PathManager.swift */; };
		BFE2FB4724A9F90C00F583C6 /* DBManager.swift in Sources */ = {isa = PBXBuildFile; fileRef = BFE2FB4624A9F90C00F583C6 /* DBManager.swift */; };
		BFE2FB5324AB33CF00F583C6 /* DBSQCode.swift in Sources */ = {isa = PBXBuildFile; fileRef = BFE2FB5224AB33CF00F583C6 /* DBSQCode.swift */; };
		BFE2FB5924AB761300F583C6 /* DBSHHelper.swift in Sources */ = {isa = PBXBuildFile; fileRef = BFE2FB5724AB761300F583C6 /* DBSHHelper.swift */; };
		BFE2FB5A24AB761300F583C6 /* DBSHProtocl.swift in Sources */ = {isa = PBXBuildFile; fileRef = BFE2FB5824AB761300F583C6 /* DBSHProtocl.swift */; };
		BFE2FB5D24AC97ED00F583C6 /* MyGestrue.swift in Sources */ = {isa = PBXBuildFile; fileRef = BFE2FB5C24AC97ED00F583C6 /* MyGestrue.swift */; };
		BFE2FB6A24ADD1D000F583C6 /* CGLineView.swift in Sources */ = {isa = PBXBuildFile; fileRef = BFE2FB6924ADD1D000F583C6 /* CGLineView.swift */; };
		BFE2FB6C24ADD20800F583C6 /* MyCoreGraphics.swift in Sources */ = {isa = PBXBuildFile; fileRef = BFE2FB6B24ADD20800F583C6 /* MyCoreGraphics.swift */; };
		BFE2FB6E24ADE54400F583C6 /* CGArcView.swift in Sources */ = {isa = PBXBuildFile; fileRef = BFE2FB6D24ADE54400F583C6 /* CGArcView.swift */; };
		BFE2FB7024ADE85300F583C6 /* CGQuadCurveView.swift in Sources */ = {isa = PBXBuildFile; fileRef = BFE2FB6F24ADE85300F583C6 /* CGQuadCurveView.swift */; };
		BFE2FB7324ADEDCF00F583C6 /* CGLineVC.swift in Sources */ = {isa = PBXBuildFile; fileRef = BFE2FB7224ADEDCF00F583C6 /* CGLineVC.swift */; };
		BFE2FB7524ADF15700F583C6 /* CGGraphicsVC.swift in Sources */ = {isa = PBXBuildFile; fileRef = BFE2FB7424ADF15700F583C6 /* CGGraphicsVC.swift */; };
		BFE2FB7724ADF19700F583C6 /* CGRectView.swift in Sources */ = {isa = PBXBuildFile; fileRef = BFE2FB7624ADF19700F583C6 /* CGRectView.swift */; };
		BFE2FB7924ADF3BB00F583C6 /* CGEllipseView.swift in Sources */ = {isa = PBXBuildFile; fileRef = BFE2FB7824ADF3BB00F583C6 /* CGEllipseView.swift */; };
		BFE2FB7B24ADF50800F583C6 /* CGFZView.swift in Sources */ = {isa = PBXBuildFile; fileRef = BFE2FB7A24ADF50800F583C6 /* CGFZView.swift */; };
		BFE2FB7E24ADF6EC00F583C6 /* CGGradientVC.swift in Sources */ = {isa = PBXBuildFile; fileRef = BFE2FB7D24ADF6EC00F583C6 /* CGGradientVC.swift */; };
		BFE2FB8024ADF77F00F583C6 /* CGGradient1.swift in Sources */ = {isa = PBXBuildFile; fileRef = BFE2FB7F24ADF77F00F583C6 /* CGGradient1.swift */; };
		BFE2FB8224ADF78400F583C6 /* CGGradient2.swift in Sources */ = {isa = PBXBuildFile; fileRef = BFE2FB8124ADF78400F583C6 /* CGGradient2.swift */; };
		BFE2FB8424ADF78B00F583C6 /* CGGradient3.swift in Sources */ = {isa = PBXBuildFile; fileRef = BFE2FB8324ADF78B00F583C6 /* CGGradient3.swift */; };
		BFE2FB8624ADF86800F583C6 /* CGGradient4.swift in Sources */ = {isa = PBXBuildFile; fileRef = BFE2FB8524ADF86800F583C6 /* CGGradient4.swift */; };
		BFE2FB8924AED53200F583C6 /* MyPageViewController.swift in Sources */ = {isa = PBXBuildFile; fileRef = BFE2FB8824AED53200F583C6 /* MyPageViewController.swift */; };
		BFE2FB8C24B42E7900F583C6 /* MyMapController.swift in Sources */ = {isa = PBXBuildFile; fileRef = BFE2FB8B24B42E7900F583C6 /* MyMapController.swift */; };
		BFE2FB9224B435F300F583C6 /* BaseViewController.swift in Sources */ = {isa = PBXBuildFile; fileRef = BFE2FB9124B435F300F583C6 /* BaseViewController.swift */; };
		BFE2FB9524B43C5C00F583C6 /* AnnotateAndMark.swift in Sources */ = {isa = PBXBuildFile; fileRef = BFE2FB9424B43C5C00F583C6 /* AnnotateAndMark.swift */; };
		BFE2FB9C24B48C6500F583C6 /* WXApiManager.swift in Sources */ = {isa = PBXBuildFile; fileRef = BFE2FB9B24B48C6500F583C6 /* WXApiManager.swift */; };
		BFE2FB9E24B48E4400F583C6 /* AliPaySDK.swift in Sources */ = {isa = PBXBuildFile; fileRef = BFE2FB9D24B48E4400F583C6 /* AliPaySDK.swift */; };
		BFE2FBA124B4A6C900F583C6 /* AliPayResultStatus.swift in Sources */ = {isa = PBXBuildFile; fileRef = BFE2FBA024B4A6C900F583C6 /* AliPayResultStatus.swift */; };
		BFE2FC0F24B5D67900F583C6 /* KFastButton.swift in Sources */ = {isa = PBXBuildFile; fileRef = BFE2FC0E24B5D67900F583C6 /* KFastButton.swift */; };
		BFE2FC1124B5DA8700F583C6 /* MyTabBarController.swift in Sources */ = {isa = PBXBuildFile; fileRef = BFE2FC1024B5DA8700F583C6 /* MyTabBarController.swift */; };
		BFE2FC1424B5DC1300F583C6 /* MyTabVC1.swift in Sources */ = {isa = PBXBuildFile; fileRef = BFE2FC1324B5DC1300F583C6 /* MyTabVC1.swift */; };
		BFE2FC1624B5DC2B00F583C6 /* MyTabVC2.swift in Sources */ = {isa = PBXBuildFile; fileRef = BFE2FC1524B5DC2B00F583C6 /* MyTabVC2.swift */; };
		BFE2FC1824B5DC3200F583C6 /* MyTabVC3.swift in Sources */ = {isa = PBXBuildFile; fileRef = BFE2FC1724B5DC3200F583C6 /* MyTabVC3.swift */; };
		BFE2FC1A24B5DC3700F583C6 /* MyTabVC4.swift in Sources */ = {isa = PBXBuildFile; fileRef = BFE2FC1924B5DC3700F583C6 /* MyTabVC4.swift */; };
		BFE2FC1C24B5EAD100F583C6 /* UIImage+.swift in Sources */ = {isa = PBXBuildFile; fileRef = BFE2FC1B24B5EAD100F583C6 /* UIImage+.swift */; };
		BFE838C0249B8A6C0067E6F2 /* AppDelegate.swift in Sources */ = {isa = PBXBuildFile; fileRef = BFE838BF249B8A6C0067E6F2 /* AppDelegate.swift */; };
		BFE838C2249B8A6C0067E6F2 /* ViewController.swift in Sources */ = {isa = PBXBuildFile; fileRef = BFE838C1249B8A6C0067E6F2 /* ViewController.swift */; };
		BFE838C5249B8A6C0067E6F2 /* Main.storyboard in Resources */ = {isa = PBXBuildFile; fileRef = BFE838C3249B8A6C0067E6F2 /* Main.storyboard */; };
		BFE838C7249B8A6D0067E6F2 /* Assets.xcassets in Resources */ = {isa = PBXBuildFile; fileRef = BFE838C6249B8A6D0067E6F2 /* Assets.xcassets */; };
		BFE838CA249B8A6D0067E6F2 /* LaunchScreen.storyboard in Resources */ = {isa = PBXBuildFile; fileRef = BFE838C8249B8A6D0067E6F2 /* LaunchScreen.storyboard */; };
		BFE838FE249B8BA90067E6F2 /* UIview+.swift in Sources */ = {isa = PBXBuildFile; fileRef = BFE838F6249B8BA90067E6F2 /* UIview+.swift */; };
		BFE838FF249B8BA90067E6F2 /* Common.swift in Sources */ = {isa = PBXBuildFile; fileRef = BFE838F9249B8BA90067E6F2 /* Common.swift */; };
		BFE83901249B8BA90067E6F2 /* MyDevice.swift in Sources */ = {isa = PBXBuildFile; fileRef = BFE838FC249B8BA90067E6F2 /* MyDevice.swift */; };
		BFE83904249B8E150067E6F2 /* String+.swift in Sources */ = {isa = PBXBuildFile; fileRef = BFE83903249B8E150067E6F2 /* String+.swift */; };
		BFE83906249B8EFF0067E6F2 /* HttpMannager.swift in Sources */ = {isa = PBXBuildFile; fileRef = BFE83905249B8EFF0067E6F2 /* HttpMannager.swift */; };
		BFE83908249BB0480067E6F2 /* ModelTest.swift in Sources */ = {isa = PBXBuildFile; fileRef = BFE83907249BB0480067E6F2 /* ModelTest.swift */; };
		BFE83912249C679B0067E6F2 /* LifeVC.swift in Sources */ = {isa = PBXBuildFile; fileRef = BFE83911249C679B0067E6F2 /* LifeVC.swift */; };
		BFE83916249C6CEA0067E6F2 /* NavigationVC.swift in Sources */ = {isa = PBXBuildFile; fileRef = BFE83915249C6CEA0067E6F2 /* NavigationVC.swift */; };
		BFE83918249CEB5A0067E6F2 /* Task.swift in Sources */ = {isa = PBXBuildFile; fileRef = BFE83917249CEB5A0067E6F2 /* Task.swift */; };
		BFE8391A249DF94E0067E6F2 /* MyTableView.swift in Sources */ = {isa = PBXBuildFile; fileRef = BFE83919249DF94E0067E6F2 /* MyTableView.swift */; };
		BFE8391C249F1DE00067E6F2 /* RefreshView.swift in Sources */ = {isa = PBXBuildFile; fileRef = BFE8391B249F1DE00067E6F2 /* RefreshView.swift */; };
		BFE8391E249F1DEF0067E6F2 /* LoadMoreView.swift in Sources */ = {isa = PBXBuildFile; fileRef = BFE8391D249F1DEF0067E6F2 /* LoadMoreView.swift */; };
/* End PBXBuildFile section */

/* Begin PBXContainerItemProxy section */
		BFE838D1249B8A6E0067E6F2 /* PBXContainerItemProxy */ = {
			isa = PBXContainerItemProxy;
			containerPortal = BFE838B4249B8A6C0067E6F2 /* Project object */;
			proxyType = 1;
			remoteGlobalIDString = BFE838BB249B8A6C0067E6F2;
			remoteInfo = newTest;
		};
		BFE838DC249B8A6E0067E6F2 /* PBXContainerItemProxy */ = {
			isa = PBXContainerItemProxy;
			containerPortal = BFE838B4249B8A6C0067E6F2 /* Project object */;
			proxyType = 1;
			remoteGlobalIDString = BFE838BB249B8A6C0067E6F2;
			remoteInfo = newTest;
		};
/* End PBXContainerItemProxy section */

/* Begin PBXFileReference section */
		12C6CF12753C05106C688127 /* Pods-newTest.debug.xcconfig */ = {isa = PBXFileReference; includeInIndex = 1; lastKnownFileType = text.xcconfig; name = "Pods-newTest.debug.xcconfig"; path = "Target Support Files/Pods-newTest/Pods-newTest.debug.xcconfig"; sourceTree = "<group>"; };
		5EDCB98AB97C9C46E8905599 /* Pods_newTest.framework */ = {isa = PBXFileReference; explicitFileType = wrapper.framework; includeInIndex = 0; path = Pods_newTest.framework; sourceTree = BUILT_PRODUCTS_DIR; };
		778A65F14A5A419D870C9D44 /* Pods-newTest.release.xcconfig */ = {isa = PBXFileReference; includeInIndex = 1; lastKnownFileType = text.xcconfig; name = "Pods-newTest.release.xcconfig"; path = "Target Support Files/Pods-newTest/Pods-newTest.release.xcconfig"; sourceTree = "<group>"; };
		BFE2FB1024A5B51000F583C6 /* MyCollectionView.swift */ = {isa = PBXFileReference; lastKnownFileType = sourcecode.swift; path = MyCollectionView.swift; sourceTree = "<group>"; };
		BFE2FB1224A5ECED00F583C6 /* CustomCollectionView.swift */ = {isa = PBXFileReference; lastKnownFileType = sourcecode.swift; path = CustomCollectionView.swift; sourceTree = "<group>"; };
		BFE2FB1424A5EDC500F583C6 /* CustomCViewFlowLayout.swift */ = {isa = PBXFileReference; lastKnownFileType = sourcecode.swift; path = CustomCViewFlowLayout.swift; sourceTree = "<group>"; };
		BFE2FB1624A5F7E400F583C6 /* CustomCVCell.swift */ = {isa = PBXFileReference; lastKnownFileType = sourcecode.swift; path = CustomCVCell.swift; sourceTree = "<group>"; };
		BFE2FB1924A70EF000F583C6 /* MyAnimation.swift */ = {isa = PBXFileReference; lastKnownFileType = sourcecode.swift; path = MyAnimation.swift; sourceTree = "<group>"; };
		BFE2FB1B24A730A900F583C6 /* TestMain.swift */ = {isa = PBXFileReference; lastKnownFileType = sourcecode.swift; path = TestMain.swift; sourceTree = "<group>"; };
		BFE2FB3324A9A55F00F583C6 /* zh-Hans */ = {isa = PBXFileReference; lastKnownFileType = text.plist.strings; name = "zh-Hans"; path = "zh-Hans.lproj/Main.strings"; sourceTree = "<group>"; };
		BFE2FB3424A9A56000F583C6 /* zh-Hans */ = {isa = PBXFileReference; lastKnownFileType = text.plist.strings; name = "zh-Hans"; path = "zh-Hans.lproj/LaunchScreen.strings"; sourceTree = "<group>"; };
		BFE2FB3624A9A59500F583C6 /* MySafeAreaInsets.swift */ = {isa = PBXFileReference; fileEncoding = 4; lastKnownFileType = sourcecode.swift; path = MySafeAreaInsets.swift; sourceTree = "<group>"; };
		BFE2FB3924A9A5B300F583C6 /* MyScrollView.swift */ = {isa = PBXFileReference; fileEncoding = 4; lastKnownFileType = sourcecode.swift; path = MyScrollView.swift; sourceTree = "<group>"; };
		BFE2FB3E24A9A5C500F583C6 /* MySearch.swift */ = {isa = PBXFileReference; fileEncoding = 4; lastKnownFileType = sourcecode.swift; path = MySearch.swift; sourceTree = "<group>"; };
		BFE2FB4124A9B2C400F583C6 /* MyDBVC.swift */ = {isa = PBXFileReference; lastKnownFileType = sourcecode.swift; path = MyDBVC.swift; sourceTree = "<group>"; };
		BFE2FB4324A9DBAA00F583C6 /* PathManager.swift */ = {isa = PBXFileReference; lastKnownFileType = sourcecode.swift; path = PathManager.swift; sourceTree = "<group>"; };
		BFE2FB4624A9F90C00F583C6 /* DBManager.swift */ = {isa = PBXFileReference; lastKnownFileType = sourcecode.swift; path = DBManager.swift; sourceTree = "<group>"; };
		BFE2FB5224AB33CF00F583C6 /* DBSQCode.swift */ = {isa = PBXFileReference; lastKnownFileType = sourcecode.swift; path = DBSQCode.swift; sourceTree = "<group>"; };
		BFE2FB5724AB761300F583C6 /* DBSHHelper.swift */ = {isa = PBXFileReference; fileEncoding = 4; lastKnownFileType = sourcecode.swift; path = DBSHHelper.swift; sourceTree = "<group>"; };
		BFE2FB5824AB761300F583C6 /* DBSHProtocl.swift */ = {isa = PBXFileReference; fileEncoding = 4; lastKnownFileType = sourcecode.swift; path = DBSHProtocl.swift; sourceTree = "<group>"; };
		BFE2FB5C24AC97ED00F583C6 /* MyGestrue.swift */ = {isa = PBXFileReference; lastKnownFileType = sourcecode.swift; path = MyGestrue.swift; sourceTree = "<group>"; };
		BFE2FB6924ADD1D000F583C6 /* CGLineView.swift */ = {isa = PBXFileReference; lastKnownFileType = sourcecode.swift; path = CGLineView.swift; sourceTree = "<group>"; };
		BFE2FB6B24ADD20800F583C6 /* MyCoreGraphics.swift */ = {isa = PBXFileReference; lastKnownFileType = sourcecode.swift; path = MyCoreGraphics.swift; sourceTree = "<group>"; };
		BFE2FB6D24ADE54400F583C6 /* CGArcView.swift */ = {isa = PBXFileReference; lastKnownFileType = sourcecode.swift; path = CGArcView.swift; sourceTree = "<group>"; };
		BFE2FB6F24ADE85300F583C6 /* CGQuadCurveView.swift */ = {isa = PBXFileReference; lastKnownFileType = sourcecode.swift; path = CGQuadCurveView.swift; sourceTree = "<group>"; };
		BFE2FB7224ADEDCF00F583C6 /* CGLineVC.swift */ = {isa = PBXFileReference; lastKnownFileType = sourcecode.swift; path = CGLineVC.swift; sourceTree = "<group>"; };
		BFE2FB7424ADF15700F583C6 /* CGGraphicsVC.swift */ = {isa = PBXFileReference; lastKnownFileType = sourcecode.swift; path = CGGraphicsVC.swift; sourceTree = "<group>"; };
		BFE2FB7624ADF19700F583C6 /* CGRectView.swift */ = {isa = PBXFileReference; lastKnownFileType = sourcecode.swift; path = CGRectView.swift; sourceTree = "<group>"; };
		BFE2FB7824ADF3BB00F583C6 /* CGEllipseView.swift */ = {isa = PBXFileReference; lastKnownFileType = sourcecode.swift; path = CGEllipseView.swift; sourceTree = "<group>"; };
		BFE2FB7A24ADF50800F583C6 /* CGFZView.swift */ = {isa = PBXFileReference; lastKnownFileType = sourcecode.swift; path = CGFZView.swift; sourceTree = "<group>"; };
		BFE2FB7D24ADF6EC00F583C6 /* CGGradientVC.swift */ = {isa = PBXFileReference; lastKnownFileType = sourcecode.swift; path = CGGradientVC.swift; sourceTree = "<group>"; };
		BFE2FB7F24ADF77F00F583C6 /* CGGradient1.swift */ = {isa = PBXFileReference; lastKnownFileType = sourcecode.swift; path = CGGradient1.swift; sourceTree = "<group>"; };
		BFE2FB8124ADF78400F583C6 /* CGGradient2.swift */ = {isa = PBXFileReference; lastKnownFileType = sourcecode.swift; path = CGGradient2.swift; sourceTree = "<group>"; };
		BFE2FB8324ADF78B00F583C6 /* CGGradient3.swift */ = {isa = PBXFileReference; lastKnownFileType = sourcecode.swift; path = CGGradient3.swift; sourceTree = "<group>"; };
		BFE2FB8524ADF86800F583C6 /* CGGradient4.swift */ = {isa = PBXFileReference; lastKnownFileType = sourcecode.swift; path = CGGradient4.swift; sourceTree = "<group>"; };
		BFE2FB8824AED53200F583C6 /* MyPageViewController.swift */ = {isa = PBXFileReference; lastKnownFileType = sourcecode.swift; path = MyPageViewController.swift; sourceTree = "<group>"; };
		BFE2FB8B24B42E7900F583C6 /* MyMapController.swift */ = {isa = PBXFileReference; lastKnownFileType = sourcecode.swift; path = MyMapController.swift; sourceTree = "<group>"; };
		BFE2FB9124B435F300F583C6 /* BaseViewController.swift */ = {isa = PBXFileReference; fileEncoding = 4; lastKnownFileType = sourcecode.swift; path = BaseViewController.swift; sourceTree = "<group>"; };
		BFE2FB9424B43C5C00F583C6 /* AnnotateAndMark.swift */ = {isa = PBXFileReference; lastKnownFileType = sourcecode.swift; path = AnnotateAndMark.swift; sourceTree = "<group>"; };
		BFE2FB9B24B48C6500F583C6 /* WXApiManager.swift */ = {isa = PBXFileReference; lastKnownFileType = sourcecode.swift; path = WXApiManager.swift; sourceTree = "<group>"; };
		BFE2FB9D24B48E4400F583C6 /* AliPaySDK.swift */ = {isa = PBXFileReference; lastKnownFileType = sourcecode.swift; path = AliPaySDK.swift; sourceTree = "<group>"; };
		BFE2FBA024B4A6C900F583C6 /* AliPayResultStatus.swift */ = {isa = PBXFileReference; lastKnownFileType = sourcecode.swift; path = AliPayResultStatus.swift; sourceTree = "<group>"; };
		BFE2FC0E24B5D67900F583C6 /* KFastButton.swift */ = {isa = PBXFileReference; fileEncoding = 4; lastKnownFileType = sourcecode.swift; path = KFastButton.swift; sourceTree = "<group>"; };
		BFE2FC1024B5DA8700F583C6 /* MyTabBarController.swift */ = {isa = PBXFileReference; lastKnownFileType = sourcecode.swift; path = MyTabBarController.swift; sourceTree = "<group>"; };
		BFE2FC1324B5DC1300F583C6 /* MyTabVC1.swift */ = {isa = PBXFileReference; lastKnownFileType = sourcecode.swift; path = MyTabVC1.swift; sourceTree = "<group>"; };
		BFE2FC1524B5DC2B00F583C6 /* MyTabVC2.swift */ = {isa = PBXFileReference; lastKnownFileType = sourcecode.swift; path = MyTabVC2.swift; sourceTree = "<group>"; };
		BFE2FC1724B5DC3200F583C6 /* MyTabVC3.swift */ = {isa = PBXFileReference; lastKnownFileType = sourcecode.swift; path = MyTabVC3.swift; sourceTree = "<group>"; };
		BFE2FC1924B5DC3700F583C6 /* MyTabVC4.swift */ = {isa = PBXFileReference; lastKnownFileType = sourcecode.swift; path = MyTabVC4.swift; sourceTree = "<group>"; };
		BFE2FC1B24B5EAD100F583C6 /* UIImage+.swift */ = {isa = PBXFileReference; lastKnownFileType = sourcecode.swift; path = "UIImage+.swift"; sourceTree = "<group>"; };
		BFE838BC249B8A6C0067E6F2 /* 从者云集学习Demo.app */ = {isa = PBXFileReference; explicitFileType = wrapper.application; includeInIndex = 0; path = "从者云集学习Demo.app"; sourceTree = BUILT_PRODUCTS_DIR; };
		BFE838BF249B8A6C0067E6F2 /* AppDelegate.swift */ = {isa = PBXFileReference; lastKnownFileType = sourcecode.swift; path = AppDelegate.swift; sourceTree = "<group>"; };
		BFE838C1249B8A6C0067E6F2 /* ViewController.swift */ = {isa = PBXFileReference; lastKnownFileType = sourcecode.swift; path = ViewController.swift; sourceTree = "<group>"; };
		BFE838C4249B8A6C0067E6F2 /* Base */ = {isa = PBXFileReference; lastKnownFileType = file.storyboard; name = Base; path = Base.lproj/Main.storyboard; sourceTree = "<group>"; };
		BFE838C6249B8A6D0067E6F2 /* Assets.xcassets */ = {isa = PBXFileReference; lastKnownFileType = folder.assetcatalog; path = Assets.xcassets; sourceTree = "<group>"; };
		BFE838C9249B8A6D0067E6F2 /* Base */ = {isa = PBXFileReference; lastKnownFileType = file.storyboard; name = Base; path = Base.lproj/LaunchScreen.storyboard; sourceTree = "<group>"; };
		BFE838CB249B8A6D0067E6F2 /* Info.plist */ = {isa = PBXFileReference; lastKnownFileType = text.plist.xml; path = Info.plist; sourceTree = "<group>"; };
		BFE838D0249B8A6E0067E6F2 /* newTestTests.xctest */ = {isa = PBXFileReference; explicitFileType = wrapper.cfbundle; includeInIndex = 0; path = newTestTests.xctest; sourceTree = BUILT_PRODUCTS_DIR; };
		BFE838DB249B8A6E0067E6F2 /* newTestUITests.xctest */ = {isa = PBXFileReference; explicitFileType = wrapper.cfbundle; includeInIndex = 0; path = newTestUITests.xctest; sourceTree = BUILT_PRODUCTS_DIR; };
		BFE838F6249B8BA90067E6F2 /* UIview+.swift */ = {isa = PBXFileReference; fileEncoding = 4; lastKnownFileType = sourcecode.swift; path = "UIview+.swift"; sourceTree = "<group>"; };
		BFE838F9249B8BA90067E6F2 /* Common.swift */ = {isa = PBXFileReference; fileEncoding = 4; lastKnownFileType = sourcecode.swift; path = Common.swift; sourceTree = "<group>"; };
		BFE838FC249B8BA90067E6F2 /* MyDevice.swift */ = {isa = PBXFileReference; fileEncoding = 4; lastKnownFileType = sourcecode.swift; path = MyDevice.swift; sourceTree = "<group>"; };
		BFE83903249B8E150067E6F2 /* String+.swift */ = {isa = PBXFileReference; lastKnownFileType = sourcecode.swift; path = "String+.swift"; sourceTree = "<group>"; };
		BFE83905249B8EFF0067E6F2 /* HttpMannager.swift */ = {isa = PBXFileReference; lastKnownFileType = sourcecode.swift; path = HttpMannager.swift; sourceTree = "<group>"; };
		BFE83907249BB0480067E6F2 /* ModelTest.swift */ = {isa = PBXFileReference; lastKnownFileType = sourcecode.swift; path = ModelTest.swift; sourceTree = "<group>"; };
		BFE83911249C679B0067E6F2 /* LifeVC.swift */ = {isa = PBXFileReference; lastKnownFileType = sourcecode.swift; path = LifeVC.swift; sourceTree = "<group>"; };
		BFE83915249C6CEA0067E6F2 /* NavigationVC.swift */ = {isa = PBXFileReference; lastKnownFileType = sourcecode.swift; path = NavigationVC.swift; sourceTree = "<group>"; };
		BFE83917249CEB5A0067E6F2 /* Task.swift */ = {isa = PBXFileReference; lastKnownFileType = sourcecode.swift; path = Task.swift; sourceTree = "<group>"; };
		BFE83919249DF94E0067E6F2 /* MyTableView.swift */ = {isa = PBXFileReference; lastKnownFileType = sourcecode.swift; path = MyTableView.swift; sourceTree = "<group>"; };
		BFE8391B249F1DE00067E6F2 /* RefreshView.swift */ = {isa = PBXFileReference; lastKnownFileType = sourcecode.swift; path = RefreshView.swift; sourceTree = "<group>"; };
		BFE8391D249F1DEF0067E6F2 /* LoadMoreView.swift */ = {isa = PBXFileReference; lastKnownFileType = sourcecode.swift; path = LoadMoreView.swift; sourceTree = "<group>"; };
/* End PBXFileReference section */

/* Begin PBXFrameworksBuildPhase section */
		BFE838B9249B8A6C0067E6F2 /* Frameworks */ = {
			isa = PBXFrameworksBuildPhase;
			buildActionMask = 2147483647;
			files = (
				2AADE7B66C4B6B8AB8845500 /* Pods_newTest.framework in Frameworks */,
			);
			runOnlyForDeploymentPostprocessing = 0;
		};
		BFE838CD249B8A6E0067E6F2 /* Frameworks */ = {
			isa = PBXFrameworksBuildPhase;
			buildActionMask = 2147483647;
			files = (
			);
			runOnlyForDeploymentPostprocessing = 0;
		};
		BFE838D8249B8A6E0067E6F2 /* Frameworks */ = {
			isa = PBXFrameworksBuildPhase;
			buildActionMask = 2147483647;
			files = (
			);
			runOnlyForDeploymentPostprocessing = 0;
		};
/* End PBXFrameworksBuildPhase section */

/* Begin PBXGroup section */
		5D2806195977DEBEACD8BEFA /* Frameworks */ = {
			isa = PBXGroup;
			children = (
				5EDCB98AB97C9C46E8905599 /* Pods_newTest.framework */,
			);
			name = Frameworks;
			sourceTree = "<group>";
		};
		8C78064AEB0E37C10D00DD0E /* Pods */ = {
			isa = PBXGroup;
			children = (
				12C6CF12753C05106C688127 /* Pods-newTest.debug.xcconfig */,
				778A65F14A5A419D870C9D44 /* Pods-newTest.release.xcconfig */,
			);
			path = Pods;
			sourceTree = "<group>";
		};
		BFE2FB0E24A5B3A700F583C6 /* 瀑布流 */ = {
			isa = PBXGroup;
			children = (
				BFE2FB1224A5ECED00F583C6 /* CustomCollectionView.swift */,
				BFE2FB1424A5EDC500F583C6 /* CustomCViewFlowLayout.swift */,
				BFE2FB1624A5F7E400F583C6 /* CustomCVCell.swift */,
			);
			path = "瀑布流";
			sourceTree = "<group>";
		};
		BFE2FB0F24A5B43B00F583C6 /* UICollectionView */ = {
			isa = PBXGroup;
			children = (
				BFE2FB0E24A5B3A700F583C6 /* 瀑布流 */,
				BFE2FB1024A5B51000F583C6 /* MyCollectionView.swift */,
			);
			path = UICollectionView;
			sourceTree = "<group>";
		};
		BFE2FB1824A70DC700F583C6 /* 动画 */ = {
			isa = PBXGroup;
			children = (
				BFE2FB1924A70EF000F583C6 /* MyAnimation.swift */,
			);
			path = "动画";
			sourceTree = "<group>";
		};
		BFE2FB3524A9A59500F583C6 /* 安全区域 */ = {
			isa = PBXGroup;
			children = (
				BFE2FB3624A9A59500F583C6 /* MySafeAreaInsets.swift */,
			);
			path = "安全区域";
			sourceTree = "<group>";
		};
		BFE2FB3824A9A5B300F583C6 /* MyScrollView */ = {
			isa = PBXGroup;
			children = (
				BFE2FB3924A9A5B300F583C6 /* MyScrollView.swift */,
				BFE2FB3A24A9A5B300F583C6 /* Up */,
			);
			path = MyScrollView;
			sourceTree = "<group>";
		};
		BFE2FB3A24A9A5B300F583C6 /* Up */ = {
			isa = PBXGroup;
			children = (
			);
			path = Up;
			sourceTree = "<group>";
		};
		BFE2FB3C24A9A5C500F583C6 /* 搜索🔍输入框 */ = {
			isa = PBXGroup;
			children = (
				BFE2FB3D24A9A5C500F583C6 /* Up-进阶使用  搜索嵌入导航栏 */,
				BFE2FB3E24A9A5C500F583C6 /* MySearch.swift */,
			);
			path = "搜索🔍输入框";
			sourceTree = "<group>";
		};
		BFE2FB3D24A9A5C500F583C6 /* Up-进阶使用  搜索嵌入导航栏 */ = {
			isa = PBXGroup;
			children = (
			);
			path = "Up-进阶使用  搜索嵌入导航栏";
			sourceTree = "<group>";
		};
		BFE2FB4024A9B29800F583C6 /* 数据库 */ = {
			isa = PBXGroup;
			children = (
				BFE2FB4124A9B2C400F583C6 /* MyDBVC.swift */,
				BFE2FB4C24A9FB5A00F583C6 /* DB */,
			);
			path = "数据库";
			sourceTree = "<group>";
		};
		BFE2FB4524A9E3FD00F583C6 /* 沙盒路径 */ = {
			isa = PBXGroup;
			children = (
				BFE2FB4324A9DBAA00F583C6 /* PathManager.swift */,
			);
			path = "沙盒路径";
			sourceTree = "<group>";
		};
		BFE2FB4C24A9FB5A00F583C6 /* DB */ = {
			isa = PBXGroup;
			children = (
				BFE2FB5624AB761300F583C6 /* SearchHistory */,
				BFE2FB5224AB33CF00F583C6 /* DBSQCode.swift */,
				BFE2FB4624A9F90C00F583C6 /* DBManager.swift */,
			);
			path = DB;
			sourceTree = "<group>";
		};
		BFE2FB5624AB761300F583C6 /* SearchHistory */ = {
			isa = PBXGroup;
			children = (
				BFE2FB5724AB761300F583C6 /* DBSHHelper.swift */,
				BFE2FB5824AB761300F583C6 /* DBSHProtocl.swift */,
			);
			path = SearchHistory;
			sourceTree = "<group>";
		};
		BFE2FB5B24AC976300F583C6 /* 七种手势 */ = {
			isa = PBXGroup;
			children = (
				BFE2FB5C24AC97ED00F583C6 /* MyGestrue.swift */,
			);
			path = "七种手势";
			sourceTree = "<group>";
		};
		BFE2FB5E24ADCD1D00F583C6 /* Core Graphics绘图 */ = {
			isa = PBXGroup;
			children = (
				BFE2FB6B24ADD20800F583C6 /* MyCoreGraphics.swift */,
				BFE2FB7C24ADF6C700F583C6 /* 渐变 */,
				BFE2FB6424ADD12600F583C6 /* 线条 */,
				BFE2FB7124ADEAE600F583C6 /* 图形 */,
			);
			path = "Core Graphics绘图";
			sourceTree = "<group>";
		};
		BFE2FB6424ADD12600F583C6 /* 线条 */ = {
			isa = PBXGroup;
			children = (
				BFE2FB7224ADEDCF00F583C6 /* CGLineVC.swift */,
				BFE2FB6924ADD1D000F583C6 /* CGLineView.swift */,
				BFE2FB6D24ADE54400F583C6 /* CGArcView.swift */,
				BFE2FB6F24ADE85300F583C6 /* CGQuadCurveView.swift */,
			);
			path = "线条";
			sourceTree = "<group>";
		};
		BFE2FB7124ADEAE600F583C6 /* 图形 */ = {
			isa = PBXGroup;
			children = (
				BFE2FB7424ADF15700F583C6 /* CGGraphicsVC.swift */,
				BFE2FB7624ADF19700F583C6 /* CGRectView.swift */,
				BFE2FB7824ADF3BB00F583C6 /* CGEllipseView.swift */,
				BFE2FB7A24ADF50800F583C6 /* CGFZView.swift */,
			);
			path = "图形";
			sourceTree = "<group>";
		};
		BFE2FB7C24ADF6C700F583C6 /* 渐变 */ = {
			isa = PBXGroup;
			children = (
				BFE2FB7D24ADF6EC00F583C6 /* CGGradientVC.swift */,
				BFE2FB7F24ADF77F00F583C6 /* CGGradient1.swift */,
				BFE2FB8124ADF78400F583C6 /* CGGradient2.swift */,
				BFE2FB8324ADF78B00F583C6 /* CGGradient3.swift */,
				BFE2FB8524ADF86800F583C6 /* CGGradient4.swift */,
			);
			path = "渐变";
			sourceTree = "<group>";
		};
		BFE2FB8724AED4F300F583C6 /* UIPageViewController */ = {
			isa = PBXGroup;
			children = (
				BFE2FB8824AED53200F583C6 /* MyPageViewController.swift */,
			);
			path = UIPageViewController;
			sourceTree = "<group>";
		};
		BFE2FB8A24B42E5100F583C6 /* 高德地图 */ = {
			isa = PBXGroup;
			children = (
				BFE2FB8B24B42E7900F583C6 /* MyMapController.swift */,
			);
			path = "高德地图";
			sourceTree = "<group>";
		};
		BFE2FB9024B435F300F583C6 /* Base */ = {
			isa = PBXGroup;
			children = (
				BFE2FB9124B435F300F583C6 /* BaseViewController.swift */,
			);
			path = Base;
			sourceTree = "<group>";
		};
		BFE2FB9324B43C1700F583C6 /* 注释+标记 */ = {
			isa = PBXGroup;
			children = (
				BFE2FB9424B43C5C00F583C6 /* AnnotateAndMark.swift */,
			);
			path = "注释+标记";
			sourceTree = "<group>";
		};
		BFE2FB9A24B48C5800F583C6 /* 支付(暂定) */ = {
			isa = PBXGroup;
			children = (
				BFE2FB9F24B4A69C00F583C6 /* AliPay */,
				BFE2FB9B24B48C6500F583C6 /* WXApiManager.swift */,
			);
			path = "支付(暂定)";
			sourceTree = "<group>";
		};
		BFE2FB9F24B4A69C00F583C6 /* AliPay */ = {
			isa = PBXGroup;
			children = (
				BFE2FB9D24B48E4400F583C6 /* AliPaySDK.swift */,
				BFE2FBA024B4A6C900F583C6 /* AliPayResultStatus.swift */,
			);
			path = AliPay;
			sourceTree = "<group>";
		};
		BFE2FC0D24B5D67900F583C6 /* fast-快速创建 */ = {
			isa = PBXGroup;
			children = (
				BFE2FC0E24B5D67900F583C6 /* KFastButton.swift */,
			);
			path = "fast-快速创建";
			sourceTree = "<group>";
		};
		BFE2FC1224B5DBC400F583C6 /* 首页 */ = {
			isa = PBXGroup;
			children = (
				BFE2FC1324B5DC1300F583C6 /* MyTabVC1.swift */,
				BFE2FC1524B5DC2B00F583C6 /* MyTabVC2.swift */,
				BFE2FC1724B5DC3200F583C6 /* MyTabVC3.swift */,
				BFE2FC1924B5DC3700F583C6 /* MyTabVC4.swift */,
			);
			path = "首页";
			sourceTree = "<group>";
		};
		BFE2FC1D24B5F5E200F583C6 /* 启动页 */ = {
			isa = PBXGroup;
			children = (
			);
			path = "启动页";
			sourceTree = "<group>";
		};
		BFE838B3249B8A6C0067E6F2 = {
			isa = PBXGroup;
			children = (
				BFE83917249CEB5A0067E6F2 /* Task.swift */,
				BFE838BE249B8A6C0067E6F2 /* newTest */,
				BFE838BD249B8A6C0067E6F2 /* Products */,
				8C78064AEB0E37C10D00DD0E /* Pods */,
				5D2806195977DEBEACD8BEFA /* Frameworks */,
			);
			sourceTree = "<group>";
		};
		BFE838BD249B8A6C0067E6F2 /* Products */ = {
			isa = PBXGroup;
			children = (
				BFE838BC249B8A6C0067E6F2 /* 从者云集学习Demo.app */,
				BFE838D0249B8A6E0067E6F2 /* newTestTests.xctest */,
				BFE838DB249B8A6E0067E6F2 /* newTestUITests.xctest */,
			);
			name = Products;
			sourceTree = "<group>";
		};
		BFE838BE249B8A6C0067E6F2 /* newTest */ = {
			isa = PBXGroup;
			children = (
				BFE838BF249B8A6C0067E6F2 /* AppDelegate.swift */,
				BFE2FB9024B435F300F583C6 /* Base */,
				BFE8390E249C5E870067E6F2 /* 页面 */,
				BFE838F8249B8BA90067E6F2 /* 工具 */,
				BFE838F5249B8BA90067E6F2 /* 扩展 */,
				BFE83909249BB0C20067E6F2 /* Model */,
				BFE838F7249B8BA90067E6F2 /* 网络 */,
				BFE838C3249B8A6C0067E6F2 /* Main.storyboard */,
				BFE838C6249B8A6D0067E6F2 /* Assets.xcassets */,
				BFE838C8249B8A6D0067E6F2 /* LaunchScreen.storyboard */,
				BFE838CB249B8A6D0067E6F2 /* Info.plist */,
			);
			path = newTest;
			sourceTree = "<group>";
		};
		BFE838F5249B8BA90067E6F2 /* 扩展 */ = {
			isa = PBXGroup;
			children = (
				BFE838F6249B8BA90067E6F2 /* UIview+.swift */,
				BFE83903249B8E150067E6F2 /* String+.swift */,
				BFE2FC1B24B5EAD100F583C6 /* UIImage+.swift */,
			);
			path = "扩展";
			sourceTree = "<group>";
		};
		BFE838F7249B8BA90067E6F2 /* 网络 */ = {
			isa = PBXGroup;
			children = (
				BFE83905249B8EFF0067E6F2 /* HttpMannager.swift */,
			);
			path = "网络";
			sourceTree = "<group>";
		};
		BFE838F8249B8BA90067E6F2 /* 工具 */ = {
			isa = PBXGroup;
			children = (
				BFE2FC0D24B5D67900F583C6 /* fast-快速创建 */,
				BFE2FB4524A9E3FD00F583C6 /* 沙盒路径 */,
				BFE838F9249B8BA90067E6F2 /* Common.swift */,
			);
			path = "工具";
			sourceTree = "<group>";
		};
		BFE838FA249B8BA90067E6F2 /* 练习页面 */ = {
			isa = PBXGroup;
			children = (
				BFE2FB9A24B48C5800F583C6 /* 支付(暂定) */,
				BFE2FB9324B43C1700F583C6 /* 注释+标记 */,
				BFE2FB8A24B42E5100F583C6 /* 高德地图 */,
				BFE2FB8724AED4F300F583C6 /* UIPageViewController */,
				BFE2FB5E24ADCD1D00F583C6 /* Core Graphics绘图 */,
				BFE2FB5B24AC976300F583C6 /* 七种手势 */,
				BFE2FB4024A9B29800F583C6 /* 数据库 */,
				BFE83910249C67720067E6F2 /* 生命周期 */,
				BFE83914249C6AEA0067E6F2 /* 设备信息-监听设备 */,
				BFE2FB3524A9A59500F583C6 /* 安全区域 */,
				BFE83913249C6A550067E6F2 /* 导航栏-navigation */,
				BFE2FB3824A9A5B300F583C6 /* MyScrollView */,
				BFE8390F249C66BD0067E6F2 /* UITableView */,
				BFE2FB0F24A5B43B00F583C6 /* UICollectionView */,
				BFE2FB1824A70DC700F583C6 /* 动画 */,
				BFE2FB3C24A9A5C500F583C6 /* 搜索🔍输入框 */,
			);
			path = "练习页面";
			sourceTree = "<group>";
		};
		BFE83909249BB0C20067E6F2 /* Model */ = {
			isa = PBXGroup;
			children = (
				BFE83907249BB0480067E6F2 /* ModelTest.swift */,
			);
			name = Model;
			sourceTree = "<group>";
		};
		BFE8390E249C5E870067E6F2 /* 页面 */ = {
			isa = PBXGroup;
			children = (
				BFE2FC1D24B5F5E200F583C6 /* 启动页 */,
				BFE2FC1224B5DBC400F583C6 /* 首页 */,
				BFE2FC1024B5DA8700F583C6 /* MyTabBarController.swift */,
				BFE838C1249B8A6C0067E6F2 /* ViewController.swift */,
				BFE2FB1B24A730A900F583C6 /* TestMain.swift */,
				BFE838FA249B8BA90067E6F2 /* 练习页面 */,
			);
			path = "页面";
			sourceTree = "<group>";
		};
		BFE8390F249C66BD0067E6F2 /* UITableView */ = {
			isa = PBXGroup;
			children = (
				BFE83919249DF94E0067E6F2 /* MyTableView.swift */,
				BFE8391B249F1DE00067E6F2 /* RefreshView.swift */,
				BFE8391D249F1DEF0067E6F2 /* LoadMoreView.swift */,
			);
			path = UITableView;
			sourceTree = "<group>";
		};
		BFE83910249C67720067E6F2 /* 生命周期 */ = {
			isa = PBXGroup;
			children = (
				BFE83911249C679B0067E6F2 /* LifeVC.swift */,
			);
			path = "生命周期";
			sourceTree = "<group>";
		};
		BFE83913249C6A550067E6F2 /* 导航栏-navigation */ = {
			isa = PBXGroup;
			children = (
				BFE83915249C6CEA0067E6F2 /* NavigationVC.swift */,
			);
			path = "导航栏-navigation";
			sourceTree = "<group>";
		};
		BFE83914249C6AEA0067E6F2 /* 设备信息-监听设备 */ = {
			isa = PBXGroup;
			children = (
				BFE838FC249B8BA90067E6F2 /* MyDevice.swift */,
			);
			path = "设备信息-监听设备";
			sourceTree = "<group>";
		};
/* End PBXGroup section */

/* Begin PBXNativeTarget section */
		BFE838BB249B8A6C0067E6F2 /* newTest */ = {
			isa = PBXNativeTarget;
			buildConfigurationList = BFE838E4249B8A6E0067E6F2 /* Build configuration list for PBXNativeTarget "newTest" */;
			buildPhases = (
				DD882905D56C42A37D5BA858 /* [CP] Check Pods Manifest.lock */,
				BFE838B8249B8A6C0067E6F2 /* Sources */,
				BFE838B9249B8A6C0067E6F2 /* Frameworks */,
				BFE838BA249B8A6C0067E6F2 /* Resources */,
				458FD31D9C1F6F4FF66130AB /* [CP] Embed Pods Frameworks */,
				7FEDD1D61937BD43F5AE08C2 /* [CP] Copy Pods Resources */,
			);
			buildRules = (
			);
			dependencies = (
			);
			name = newTest;
			productName = newTest;
			productReference = BFE838BC249B8A6C0067E6F2 /* 从者云集学习Demo.app */;
			productType = "com.apple.product-type.application";
		};
		BFE838CF249B8A6E0067E6F2 /* newTestTests */ = {
			isa = PBXNativeTarget;
			buildConfigurationList = BFE838E7249B8A6E0067E6F2 /* Build configuration list for PBXNativeTarget "newTestTests" */;
			buildPhases = (
				BFE838CC249B8A6E0067E6F2 /* Sources */,
				BFE838CD249B8A6E0067E6F2 /* Frameworks */,
				BFE838CE249B8A6E0067E6F2 /* Resources */,
			);
			buildRules = (
			);
			dependencies = (
				BFE838D2249B8A6E0067E6F2 /* PBXTargetDependency */,
			);
			name = newTestTests;
			productName = newTestTests;
			productReference = BFE838D0249B8A6E0067E6F2 /* newTestTests.xctest */;
			productType = "com.apple.product-type.bundle.unit-test";
		};
		BFE838DA249B8A6E0067E6F2 /* newTestUITests */ = {
			isa = PBXNativeTarget;
			buildConfigurationList = BFE838EA249B8A6E0067E6F2 /* Build configuration list for PBXNativeTarget "newTestUITests" */;
			buildPhases = (
				BFE838D7249B8A6E0067E6F2 /* Sources */,
				BFE838D8249B8A6E0067E6F2 /* Frameworks */,
				BFE838D9249B8A6E0067E6F2 /* Resources */,
			);
			buildRules = (
			);
			dependencies = (
				BFE838DD249B8A6E0067E6F2 /* PBXTargetDependency */,
			);
			name = newTestUITests;
			productName = newTestUITests;
			productReference = BFE838DB249B8A6E0067E6F2 /* newTestUITests.xctest */;
			productType = "com.apple.product-type.bundle.ui-testing";
		};
/* End PBXNativeTarget section */

/* Begin PBXProject section */
		BFE838B4249B8A6C0067E6F2 /* Project object */ = {
			isa = PBXProject;
			attributes = {
				LastSwiftUpdateCheck = 1030;
				LastUpgradeCheck = 1030;
				ORGANIZATIONNAME = one;
				TargetAttributes = {
					BFE838BB249B8A6C0067E6F2 = {
						CreatedOnToolsVersion = 10.3;
					};
					BFE838CF249B8A6E0067E6F2 = {
						CreatedOnToolsVersion = 10.3;
						TestTargetID = BFE838BB249B8A6C0067E6F2;
					};
					BFE838DA249B8A6E0067E6F2 = {
						CreatedOnToolsVersion = 10.3;
						TestTargetID = BFE838BB249B8A6C0067E6F2;
					};
				};
			};
			buildConfigurationList = BFE838B7249B8A6C0067E6F2 /* Build configuration list for PBXProject "newTest" */;
			compatibilityVersion = "Xcode 9.3";
			developmentRegion = en;
			hasScannedForEncodings = 0;
			knownRegions = (
				en,
				Base,
				"zh-Hans",
			);
			mainGroup = BFE838B3249B8A6C0067E6F2;
			productRefGroup = BFE838BD249B8A6C0067E6F2 /* Products */;
			projectDirPath = "";
			projectRoot = "";
			targets = (
				BFE838BB249B8A6C0067E6F2 /* newTest */,
				BFE838CF249B8A6E0067E6F2 /* newTestTests */,
				BFE838DA249B8A6E0067E6F2 /* newTestUITests */,
			);
		};
/* End PBXProject section */

/* Begin PBXResourcesBuildPhase section */
		BFE838BA249B8A6C0067E6F2 /* Resources */ = {
			isa = PBXResourcesBuildPhase;
			buildActionMask = 2147483647;
			files = (
				BFE838CA249B8A6D0067E6F2 /* LaunchScreen.storyboard in Resources */,
				BFE838C7249B8A6D0067E6F2 /* Assets.xcassets in Resources */,
				BFE838C5249B8A6C0067E6F2 /* Main.storyboard in Resources */,
			);
			runOnlyForDeploymentPostprocessing = 0;
		};
		BFE838CE249B8A6E0067E6F2 /* Resources */ = {
			isa = PBXResourcesBuildPhase;
			buildActionMask = 2147483647;
			files = (
			);
			runOnlyForDeploymentPostprocessing = 0;
		};
		BFE838D9249B8A6E0067E6F2 /* Resources */ = {
			isa = PBXResourcesBuildPhase;
			buildActionMask = 2147483647;
			files = (
			);
			runOnlyForDeploymentPostprocessing = 0;
		};
/* End PBXResourcesBuildPhase section */

/* Begin PBXShellScriptBuildPhase section */
		458FD31D9C1F6F4FF66130AB /* [CP] Embed Pods Frameworks */ = {
			isa = PBXShellScriptBuildPhase;
			buildActionMask = 2147483647;
			files = (
			);
			inputFileListPaths = (
				"${PODS_ROOT}/Target Support Files/Pods-newTest/Pods-newTest-frameworks-${CONFIGURATION}-input-files.xcfilelist",
			);
			name = "[CP] Embed Pods Frameworks";
			outputFileListPaths = (
				"${PODS_ROOT}/Target Support Files/Pods-newTest/Pods-newTest-frameworks-${CONFIGURATION}-output-files.xcfilelist",
			);
			runOnlyForDeploymentPostprocessing = 0;
			shellPath = /bin/sh;
			shellScript = "\"${PODS_ROOT}/Target Support Files/Pods-newTest/Pods-newTest-frameworks.sh\"\n";
			showEnvVarsInLog = 0;
		};
		7FEDD1D61937BD43F5AE08C2 /* [CP] Copy Pods Resources */ = {
			isa = PBXShellScriptBuildPhase;
			buildActionMask = 2147483647;
			files = (
			);
			inputFileListPaths = (
				"${PODS_ROOT}/Target Support Files/Pods-newTest/Pods-newTest-resources-${CONFIGURATION}-input-files.xcfilelist",
			);
			name = "[CP] Copy Pods Resources";
			outputFileListPaths = (
				"${PODS_ROOT}/Target Support Files/Pods-newTest/Pods-newTest-resources-${CONFIGURATION}-output-files.xcfilelist",
			);
			runOnlyForDeploymentPostprocessing = 0;
			shellPath = /bin/sh;
			shellScript = "\"${PODS_ROOT}/Target Support Files/Pods-newTest/Pods-newTest-resources.sh\"\n";
			showEnvVarsInLog = 0;
		};
		DD882905D56C42A37D5BA858 /* [CP] Check Pods Manifest.lock */ = {
			isa = PBXShellScriptBuildPhase;
			buildActionMask = 2147483647;
			files = (
			);
			inputFileListPaths = (
			);
			inputPaths = (
				"${PODS_PODFILE_DIR_PATH}/Podfile.lock",
				"${PODS_ROOT}/Manifest.lock",
			);
			name = "[CP] Check Pods Manifest.lock";
			outputFileListPaths = (
			);
			outputPaths = (
				"$(DERIVED_FILE_DIR)/Pods-newTest-checkManifestLockResult.txt",
			);
			runOnlyForDeploymentPostprocessing = 0;
			shellPath = /bin/sh;
			shellScript = "diff \"${PODS_PODFILE_DIR_PATH}/Podfile.lock\" \"${PODS_ROOT}/Manifest.lock\" > /dev/null\nif [ $? != 0 ] ; then\n    # print error to STDERR\n    echo \"error: The sandbox is not in sync with the Podfile.lock. Run 'pod install' or update your CocoaPods installation.\" >&2\n    exit 1\nfi\n# This output is used by Xcode 'outputs' to avoid re-running this script phase.\necho \"SUCCESS\" > \"${SCRIPT_OUTPUT_FILE_0}\"\n";
			showEnvVarsInLog = 0;
		};
/* End PBXShellScriptBuildPhase section */

/* Begin PBXSourcesBuildPhase section */
		BFE838B8249B8A6C0067E6F2 /* Sources */ = {
			isa = PBXSourcesBuildPhase;
			buildActionMask = 2147483647;
			files = (
				BFE2FB1324A5ECED00F583C6 /* CustomCollectionView.swift in Sources */,
				BFE2FB7924ADF3BB00F583C6 /* CGEllipseView.swift in Sources */,
				BFE2FB3724A9A59500F583C6 /* MySafeAreaInsets.swift in Sources */,
				BFE2FC1124B5DA8700F583C6 /* MyTabBarController.swift in Sources */,
				BFE8391C249F1DE00067E6F2 /* RefreshView.swift in Sources */,
				BFE2FC1C24B5EAD100F583C6 /* UIImage+.swift in Sources */,
				BFE838FF249B8BA90067E6F2 /* Common.swift in Sources */,
				BFE2FB8424ADF78B00F583C6 /* CGGradient3.swift in Sources */,
				BFE2FC1A24B5DC3700F583C6 /* MyTabVC4.swift in Sources */,
				BFE2FB6E24ADE54400F583C6 /* CGArcView.swift in Sources */,
				BFE2FB7E24ADF6EC00F583C6 /* CGGradientVC.swift in Sources */,
				BFE2FB7724ADF19700F583C6 /* CGRectView.swift in Sources */,
				BFE2FC1424B5DC1300F583C6 /* MyTabVC1.swift in Sources */,
				BFE2FB7524ADF15700F583C6 /* CGGraphicsVC.swift in Sources */,
				BFE2FB8924AED53200F583C6 /* MyPageViewController.swift in Sources */,
				BFE2FC1624B5DC2B00F583C6 /* MyTabVC2.swift in Sources */,
				BFE2FB8024ADF77F00F583C6 /* CGGradient1.swift in Sources */,
				BFE2FB5924AB761300F583C6 /* DBSHHelper.swift in Sources */,
				BFE83916249C6CEA0067E6F2 /* NavigationVC.swift in Sources */,
				BFE8391E249F1DEF0067E6F2 /* LoadMoreView.swift in Sources */,
				BFE2FB4224A9B2C400F583C6 /* MyDBVC.swift in Sources */,
				BFE2FB8224ADF78400F583C6 /* CGGradient2.swift in Sources */,
				BFE2FC0F24B5D67900F583C6 /* KFastButton.swift in Sources */,
				BFE83904249B8E150067E6F2 /* String+.swift in Sources */,
				BFE83901249B8BA90067E6F2 /* MyDevice.swift in Sources */,
				BFE83918249CEB5A0067E6F2 /* Task.swift in Sources */,
				BFE2FB5A24AB761300F583C6 /* DBSHProtocl.swift in Sources */,
				BFE838C2249B8A6C0067E6F2 /* ViewController.swift in Sources */,
				BFE2FC1824B5DC3200F583C6 /* MyTabVC3.swift in Sources */,
				BFE2FB8C24B42E7900F583C6 /* MyMapController.swift in Sources */,
				BFE2FB7324ADEDCF00F583C6 /* CGLineVC.swift in Sources */,
				BFE2FB9524B43C5C00F583C6 /* AnnotateAndMark.swift in Sources */,
				BFE838FE249B8BA90067E6F2 /* UIview+.swift in Sources */,
				BFE2FB4724A9F90C00F583C6 /* DBManager.swift in Sources */,
				BFE2FB4424A9DBAA00F583C6 /* PathManager.swift in Sources */,
				BFE2FB9E24B48E4400F583C6 /* AliPaySDK.swift in Sources */,
				BFE2FB5324AB33CF00F583C6 /* DBSQCode.swift in Sources */,
				BFE2FB9C24B48C6500F583C6 /* WXApiManager.swift in Sources */,
				BFE2FB6C24ADD20800F583C6 /* MyCoreGraphics.swift in Sources */,
				BFE2FB1724A5F7E400F583C6 /* CustomCVCell.swift in Sources */,
				BFE838C0249B8A6C0067E6F2 /* AppDelegate.swift in Sources */,
				BFE8391A249DF94E0067E6F2 /* MyTableView.swift in Sources */,
				BFE2FB6A24ADD1D000F583C6 /* CGLineView.swift in Sources */,
				BFE83908249BB0480067E6F2 /* ModelTest.swift in Sources */,
				BFE2FB3B24A9A5B300F583C6 /* MyScrollView.swift in Sources */,
				BFE2FB7024ADE85300F583C6 /* CGQuadCurveView.swift in Sources */,
				BFE2FB1A24A70EF000F583C6 /* MyAnimation.swift in Sources */,
				BFE2FB9224B435F300F583C6 /* BaseViewController.swift in Sources */,
				BFE2FBA124B4A6C900F583C6 /* AliPayResultStatus.swift in Sources */,
				BFE83906249B8EFF0067E6F2 /* HttpMannager.swift in Sources */,
				BFE2FB8624ADF86800F583C6 /* CGGradient4.swift in Sources */,
				BFE83912249C679B0067E6F2 /* LifeVC.swift in Sources */,
				BFE2FB5D24AC97ED00F583C6 /* MyGestrue.swift in Sources */,
				BFE2FB3F24A9A5C500F583C6 /* MySearch.swift in Sources */,
				BFE2FB1524A5EDC500F583C6 /* CustomCViewFlowLayout.swift in Sources */,
				BFE2FB1124A5B51000F583C6 /* MyCollectionView.swift in Sources */,
				BFE2FB1C24A730A900F583C6 /* TestMain.swift in Sources */,
				BFE2FB7B24ADF50800F583C6 /* CGFZView.swift in Sources */,
			);
			runOnlyForDeploymentPostprocessing = 0;
		};
		BFE838CC249B8A6E0067E6F2 /* Sources */ = {
			isa = PBXSourcesBuildPhase;
			buildActionMask = 2147483647;
			files = (
			);
			runOnlyForDeploymentPostprocessing = 0;
		};
		BFE838D7249B8A6E0067E6F2 /* Sources */ = {
			isa = PBXSourcesBuildPhase;
			buildActionMask = 2147483647;
			files = (
			);
			runOnlyForDeploymentPostprocessing = 0;
		};
/* End PBXSourcesBuildPhase section */

/* Begin PBXTargetDependency section */
		BFE838D2249B8A6E0067E6F2 /* PBXTargetDependency */ = {
			isa = PBXTargetDependency;
			target = BFE838BB249B8A6C0067E6F2 /* newTest */;
			targetProxy = BFE838D1249B8A6E0067E6F2 /* PBXContainerItemProxy */;
		};
		BFE838DD249B8A6E0067E6F2 /* PBXTargetDependency */ = {
			isa = PBXTargetDependency;
			target = BFE838BB249B8A6C0067E6F2 /* newTest */;
			targetProxy = BFE838DC249B8A6E0067E6F2 /* PBXContainerItemProxy */;
		};
/* End PBXTargetDependency section */

/* Begin PBXVariantGroup section */
		BFE838C3249B8A6C0067E6F2 /* Main.storyboard */ = {
			isa = PBXVariantGroup;
			children = (
				BFE838C4249B8A6C0067E6F2 /* Base */,
				BFE2FB3324A9A55F00F583C6 /* zh-Hans */,
			);
			name = Main.storyboard;
			sourceTree = "<group>";
		};
		BFE838C8249B8A6D0067E6F2 /* LaunchScreen.storyboard */ = {
			isa = PBXVariantGroup;
			children = (
				BFE838C9249B8A6D0067E6F2 /* Base */,
				BFE2FB3424A9A56000F583C6 /* zh-Hans */,
			);
			name = LaunchScreen.storyboard;
			sourceTree = "<group>";
		};
/* End PBXVariantGroup section */

/* Begin XCBuildConfiguration section */
		BFE838E2249B8A6E0067E6F2 /* Debug */ = {
			isa = XCBuildConfiguration;
			buildSettings = {
				ALWAYS_SEARCH_USER_PATHS = NO;
				CLANG_ANALYZER_LOCALIZABILITY_NONLOCALIZED = YES;
				CLANG_ANALYZER_NONNULL = YES;
				CLANG_ANALYZER_NUMBER_OBJECT_CONVERSION = YES_AGGRESSIVE;
				CLANG_CXX_LANGUAGE_STANDARD = "gnu++14";
				CLANG_CXX_LIBRARY = "libc++";
				CLANG_ENABLE_MODULES = YES;
				CLANG_ENABLE_OBJC_ARC = YES;
				CLANG_ENABLE_OBJC_WEAK = YES;
				CLANG_WARN_BLOCK_CAPTURE_AUTORELEASING = YES;
				CLANG_WARN_BOOL_CONVERSION = YES;
				CLANG_WARN_COMMA = YES;
				CLANG_WARN_CONSTANT_CONVERSION = YES;
				CLANG_WARN_DEPRECATED_OBJC_IMPLEMENTATIONS = YES;
				CLANG_WARN_DIRECT_OBJC_ISA_USAGE = YES_ERROR;
				CLANG_WARN_DOCUMENTATION_COMMENTS = YES;
				CLANG_WARN_EMPTY_BODY = YES;
				CLANG_WARN_ENUM_CONVERSION = YES;
				CLANG_WARN_INFINITE_RECURSION = YES;
				CLANG_WARN_INT_CONVERSION = YES;
				CLANG_WARN_NON_LITERAL_NULL_CONVERSION = YES;
				CLANG_WARN_OBJC_IMPLICIT_RETAIN_SELF = YES;
				CLANG_WARN_OBJC_LITERAL_CONVERSION = YES;
				CLANG_WARN_OBJC_ROOT_CLASS = YES_ERROR;
				CLANG_WARN_RANGE_LOOP_ANALYSIS = YES;
				CLANG_WARN_STRICT_PROTOTYPES = YES;
				CLANG_WARN_SUSPICIOUS_MOVE = YES;
				CLANG_WARN_UNGUARDED_AVAILABILITY = YES_AGGRESSIVE;
				CLANG_WARN_UNREACHABLE_CODE = YES;
				CLANG_WARN__DUPLICATE_METHOD_MATCH = YES;
				CODE_SIGN_IDENTITY = "iPhone Developer";
				COPY_PHASE_STRIP = NO;
				DEBUG_INFORMATION_FORMAT = dwarf;
				ENABLE_STRICT_OBJC_MSGSEND = YES;
				ENABLE_TESTABILITY = YES;
				GCC_C_LANGUAGE_STANDARD = gnu11;
				GCC_DYNAMIC_NO_PIC = NO;
				GCC_NO_COMMON_BLOCKS = YES;
				GCC_OPTIMIZATION_LEVEL = 0;
				GCC_PREPROCESSOR_DEFINITIONS = (
					"DEBUG=1",
					"$(inherited)",
				);
				GCC_WARN_64_TO_32_BIT_CONVERSION = YES;
				GCC_WARN_ABOUT_RETURN_TYPE = YES_ERROR;
				GCC_WARN_UNDECLARED_SELECTOR = YES;
				GCC_WARN_UNINITIALIZED_AUTOS = YES_AGGRESSIVE;
				GCC_WARN_UNUSED_FUNCTION = YES;
				GCC_WARN_UNUSED_VARIABLE = YES;
				IPHONEOS_DEPLOYMENT_TARGET = 12.4;
				MTL_ENABLE_DEBUG_INFO = INCLUDE_SOURCE;
				MTL_FAST_MATH = YES;
				ONLY_ACTIVE_ARCH = YES;
				SDKROOT = iphoneos;
				SWIFT_ACTIVE_COMPILATION_CONDITIONS = DEBUG;
				SWIFT_OPTIMIZATION_LEVEL = "-Onone";
			};
			name = Debug;
		};
		BFE838E3249B8A6E0067E6F2 /* Release */ = {
			isa = XCBuildConfiguration;
			buildSettings = {
				ALWAYS_SEARCH_USER_PATHS = NO;
				CLANG_ANALYZER_LOCALIZABILITY_NONLOCALIZED = YES;
				CLANG_ANALYZER_NONNULL = YES;
				CLANG_ANALYZER_NUMBER_OBJECT_CONVERSION = YES_AGGRESSIVE;
				CLANG_CXX_LANGUAGE_STANDARD = "gnu++14";
				CLANG_CXX_LIBRARY = "libc++";
				CLANG_ENABLE_MODULES = YES;
				CLANG_ENABLE_OBJC_ARC = YES;
				CLANG_ENABLE_OBJC_WEAK = YES;
				CLANG_WARN_BLOCK_CAPTURE_AUTORELEASING = YES;
				CLANG_WARN_BOOL_CONVERSION = YES;
				CLANG_WARN_COMMA = YES;
				CLANG_WARN_CONSTANT_CONVERSION = YES;
				CLANG_WARN_DEPRECATED_OBJC_IMPLEMENTATIONS = YES;
				CLANG_WARN_DIRECT_OBJC_ISA_USAGE = YES_ERROR;
				CLANG_WARN_DOCUMENTATION_COMMENTS = YES;
				CLANG_WARN_EMPTY_BODY = YES;
				CLANG_WARN_ENUM_CONVERSION = YES;
				CLANG_WARN_INFINITE_RECURSION = YES;
				CLANG_WARN_INT_CONVERSION = YES;
				CLANG_WARN_NON_LITERAL_NULL_CONVERSION = YES;
				CLANG_WARN_OBJC_IMPLICIT_RETAIN_SELF = YES;
				CLANG_WARN_OBJC_LITERAL_CONVERSION = YES;
				CLANG_WARN_OBJC_ROOT_CLASS = YES_ERROR;
				CLANG_WARN_RANGE_LOOP_ANALYSIS = YES;
				CLANG_WARN_STRICT_PROTOTYPES = YES;
				CLANG_WARN_SUSPICIOUS_MOVE = YES;
				CLANG_WARN_UNGUARDED_AVAILABILITY = YES_AGGRESSIVE;
				CLANG_WARN_UNREACHABLE_CODE = YES;
				CLANG_WARN__DUPLICATE_METHOD_MATCH = YES;
				CODE_SIGN_IDENTITY = "iPhone Developer";
				COPY_PHASE_STRIP = NO;
				DEBUG_INFORMATION_FORMAT = "dwarf-with-dsym";
				ENABLE_NS_ASSERTIONS = NO;
				ENABLE_STRICT_OBJC_MSGSEND = YES;
				GCC_C_LANGUAGE_STANDARD = gnu11;
				GCC_NO_COMMON_BLOCKS = YES;
				GCC_WARN_64_TO_32_BIT_CONVERSION = YES;
				GCC_WARN_ABOUT_RETURN_TYPE = YES_ERROR;
				GCC_WARN_UNDECLARED_SELECTOR = YES;
				GCC_WARN_UNINITIALIZED_AUTOS = YES_AGGRESSIVE;
				GCC_WARN_UNUSED_FUNCTION = YES;
				GCC_WARN_UNUSED_VARIABLE = YES;
				IPHONEOS_DEPLOYMENT_TARGET = 12.4;
				MTL_ENABLE_DEBUG_INFO = NO;
				MTL_FAST_MATH = YES;
				SDKROOT = iphoneos;
				SWIFT_COMPILATION_MODE = wholemodule;
				SWIFT_OPTIMIZATION_LEVEL = "-O";
				VALIDATE_PRODUCT = YES;
			};
			name = Release;
		};
		BFE838E5249B8A6E0067E6F2 /* Debug */ = {
			isa = XCBuildConfiguration;
			baseConfigurationReference = 12C6CF12753C05106C688127 /* Pods-newTest.debug.xcconfig */;
			buildSettings = {
				ASSETCATALOG_COMPILER_APPICON_NAME = AppIcon;
				CODE_SIGN_STYLE = Automatic;
				DEVELOPMENT_TEAM = 8V339FZ52S;
				INFOPLIST_FILE = newTest/Info.plist;
				LD_RUNPATH_SEARCH_PATHS = (
					"$(inherited)",
					"@executable_path/Frameworks",
				);
				PRODUCT_BUNDLE_IDENTIFIER = com.myst.newTest;
				PRODUCT_NAME = "从者云集学习Demo";
				SWIFT_VERSION = 5.0;
				TARGETED_DEVICE_FAMILY = "1,2";
			};
			name = Debug;
		};
		BFE838E6249B8A6E0067E6F2 /* Release */ = {
			isa = XCBuildConfiguration;
			baseConfigurationReference = 778A65F14A5A419D870C9D44 /* Pods-newTest.release.xcconfig */;
			buildSettings = {
				ASSETCATALOG_COMPILER_APPICON_NAME = AppIcon;
				CODE_SIGN_STYLE = Automatic;
				DEVELOPMENT_TEAM = 8V339FZ52S;
				INFOPLIST_FILE = newTest/Info.plist;
				LD_RUNPATH_SEARCH_PATHS = (
					"$(inherited)",
					"@executable_path/Frameworks",
				);
				PRODUCT_BUNDLE_IDENTIFIER = com.myst.newTest;
				PRODUCT_NAME = "从者云集学习Demo";
				SWIFT_VERSION = 5.0;
				TARGETED_DEVICE_FAMILY = "1,2";
			};
			name = Release;
		};
		BFE838E8249B8A6E0067E6F2 /* Debug */ = {
			isa = XCBuildConfiguration;
			buildSettings = {
				ALWAYS_EMBED_SWIFT_STANDARD_LIBRARIES = YES;
				BUNDLE_LOADER = "$(TEST_HOST)";
				CODE_SIGN_STYLE = Automatic;
				DEVELOPMENT_TEAM = 8V339FZ52S;
				INFOPLIST_FILE = newTestTests/Info.plist;
				LD_RUNPATH_SEARCH_PATHS = (
					"$(inherited)",
					"@executable_path/Frameworks",
					"@loader_path/Frameworks",
				);
				PRODUCT_BUNDLE_IDENTIFIER = com.myst.newTestTests;
				PRODUCT_NAME = "$(TARGET_NAME)";
				SWIFT_VERSION = 5.0;
				TARGETED_DEVICE_FAMILY = "1,2";
				TEST_HOST = "$(BUILT_PRODUCTS_DIR)/newTest.app/newTest";
			};
			name = Debug;
		};
		BFE838E9249B8A6E0067E6F2 /* Release */ = {
			isa = XCBuildConfiguration;
			buildSettings = {
				ALWAYS_EMBED_SWIFT_STANDARD_LIBRARIES = YES;
				BUNDLE_LOADER = "$(TEST_HOST)";
				CODE_SIGN_STYLE = Automatic;
				DEVELOPMENT_TEAM = 8V339FZ52S;
				INFOPLIST_FILE = newTestTests/Info.plist;
				LD_RUNPATH_SEARCH_PATHS = (
					"$(inherited)",
					"@executable_path/Frameworks",
					"@loader_path/Frameworks",
				);
				PRODUCT_BUNDLE_IDENTIFIER = com.myst.newTestTests;
				PRODUCT_NAME = "$(TARGET_NAME)";
				SWIFT_VERSION = 5.0;
				TARGETED_DEVICE_FAMILY = "1,2";
				TEST_HOST = "$(BUILT_PRODUCTS_DIR)/newTest.app/newTest";
			};
			name = Release;
		};
		BFE838EB249B8A6E0067E6F2 /* Debug */ = {
			isa = XCBuildConfiguration;
			buildSettings = {
				ALWAYS_EMBED_SWIFT_STANDARD_LIBRARIES = YES;
				CODE_SIGN_STYLE = Automatic;
				DEVELOPMENT_TEAM = 8V339FZ52S;
				INFOPLIST_FILE = newTestUITests/Info.plist;
				LD_RUNPATH_SEARCH_PATHS = (
					"$(inherited)",
					"@executable_path/Frameworks",
					"@loader_path/Frameworks",
				);
				PRODUCT_BUNDLE_IDENTIFIER = com.myst.newTestUITests;
				PRODUCT_NAME = "$(TARGET_NAME)";
				SWIFT_VERSION = 5.0;
				TARGETED_DEVICE_FAMILY = "1,2";
				TEST_TARGET_NAME = newTest;
			};
			name = Debug;
		};
		BFE838EC249B8A6E0067E6F2 /* Release */ = {
			isa = XCBuildConfiguration;
			buildSettings = {
				ALWAYS_EMBED_SWIFT_STANDARD_LIBRARIES = YES;
				CODE_SIGN_STYLE = Automatic;
				DEVELOPMENT_TEAM = 8V339FZ52S;
				INFOPLIST_FILE = newTestUITests/Info.plist;
				LD_RUNPATH_SEARCH_PATHS = (
					"$(inherited)",
					"@executable_path/Frameworks",
					"@loader_path/Frameworks",
				);
				PRODUCT_BUNDLE_IDENTIFIER = com.myst.newTestUITests;
				PRODUCT_NAME = "$(TARGET_NAME)";
				SWIFT_VERSION = 5.0;
				TARGETED_DEVICE_FAMILY = "1,2";
				TEST_TARGET_NAME = newTest;
			};
			name = Release;
		};
/* End XCBuildConfiguration section */

/* Begin XCConfigurationList section */
		BFE838B7249B8A6C0067E6F2 /* Build configuration list for PBXProject "newTest" */ = {
			isa = XCConfigurationList;
			buildConfigurations = (
				BFE838E2249B8A6E0067E6F2 /* Debug */,
				BFE838E3249B8A6E0067E6F2 /* Release */,
			);
			defaultConfigurationIsVisible = 0;
			defaultConfigurationName = Release;
		};
		BFE838E4249B8A6E0067E6F2 /* Build configuration list for PBXNativeTarget "newTest" */ = {
			isa = XCConfigurationList;
			buildConfigurations = (
				BFE838E5249B8A6E0067E6F2 /* Debug */,
				BFE838E6249B8A6E0067E6F2 /* Release */,
			);
			defaultConfigurationIsVisible = 0;
			defaultConfigurationName = Release;
		};
		BFE838E7249B8A6E0067E6F2 /* Build configuration list for PBXNativeTarget "newTestTests" */ = {
			isa = XCConfigurationList;
			buildConfigurations = (
				BFE838E8249B8A6E0067E6F2 /* Debug */,
				BFE838E9249B8A6E0067E6F2 /* Release */,
			);
			defaultConfigurationIsVisible = 0;
			defaultConfigurationName = Release;
		};
		BFE838EA249B8A6E0067E6F2 /* Build configuration list for PBXNativeTarget "newTestUITests" */ = {
			isa = XCConfigurationList;
			buildConfigurations = (
				BFE838EB249B8A6E0067E6F2 /* Debug */,
				BFE838EC249B8A6E0067E6F2 /* Release */,
			);
			defaultConfigurationIsVisible = 0;
			defaultConfigurationName = Release;
		};
/* End XCConfigurationList section */
	};
	rootObject = BFE838B4249B8A6C0067E6F2 /* Project object */;
}
